lockfile_version: '1'
generated_at: '2026-07-05T06:19:19.832823+00:00'
apm_version: 0.20.0
dependencies:
- repo_url: ALTEN-group/coding-pal
  host: github.com
  resolved_commit: 45948e772e07913f53b53d5baff89eec2abdf7f4
  virtual_path: instructions/sharp-agent.instructions.md
  is_virtual: true
  package_type: apm_package
  deployed_files:
  - .github/instructions/sharp-agent.instructions.md
  deployed_file_hashes:
    .github/instructions/sharp-agent.instructions.md: sha256:8fbb5e46348653d681ecf5dd770b20ef8d000d25a3a3d5982fc60e8d639c4856
  content_hash: sha256:c1645b6fcff11a18f4d44de98f217e885e0f174703033878a3401b9ae67562cf
