lockfile_version: '1'
generated_at: '2026-08-12T12:14:42.305174+00:00'
apm_version: 0.28.0
dependencies:
- repo_url: alten-group/coding-pal
  materialization_repo_url: ALTEN-group/coding-pal
  name: coding-pal
  host: github.com
  resolved_commit: b2ad8a57af783265bcf5f296fa8d5dec58c4b82b
  version: unknown
  package_type: skill_bundle
  deployed_files:
  - .agents/skills/audit-reporting
  - .agents/skills/audit-reporting/SKILL.md
  - .agents/skills/audit-reporting/references/report-contract.md
  - .agents/skills/audit-reporting/scripts/audit-report.mjs
  - .agents/skills/audit-reporting/scripts/audit-report.test.mjs
  deployed_file_hashes:
    .agents/skills/audit-reporting/SKILL.md: sha256:3c5d64f9a8a7692db08472ef71f57cd867d11cb59af4e11837eb983cfb51c0c4
    .agents/skills/audit-reporting/references/report-contract.md: sha256:acaca07764179dbfa0ddb91a34fa2babc5fca93d5d19df171f8f42675a39df63
    .agents/skills/audit-reporting/scripts/audit-report.mjs: sha256:4dac243b188275f291bfe42f495c8ec2b75ed964ad4642fdf7bd41da8fdb4306
    .agents/skills/audit-reporting/scripts/audit-report.test.mjs: sha256:264979d6b49d724eb92b1459cf477f36acb27c2103484733c35dc5419e857a20
  content_hash: sha256:e0998c35688f3d8cc3241ba6d506894f18a815d5cf4453e35768a59d7021bd7e
  skill_subset:
  - audit-reporting
- repo_url: alten-group/coding-pal
  materialization_repo_url: ALTEN-group/coding-pal
  name: coding-pal-node-express-back-end-code-audit
  host: github.com
  resolved_commit: b2ad8a57af783265bcf5f296fa8d5dec58c4b82b
  version: 1.0.0
  virtual_path: agents/node-express-back-end-code-audit.agent.md
  is_virtual: true
  package_type: apm_package
  deployed_files:
  - .github/agents/node-express-back-end-code-audit.agent.md
  deployed_file_hashes:
    .github/agents/node-express-back-end-code-audit.agent.md: sha256:0fb0e746392bb4aef5c7d36ffd27a3675d41ef1929754924a73eda878937459a
  content_hash: sha256:85c35d12d0c2ca9cd615ccd150b621bacf1a190f06b08614db6f1006417ff772
- repo_url: alten-group/coding-pal
  materialization_repo_url: ALTEN-group/coding-pal
  name: coding-pal-unit-test
  host: github.com
  resolved_commit: b2ad8a57af783265bcf5f296fa8d5dec58c4b82b
  version: 1.0.0
  virtual_path: agents/unit-test.agent.md
  is_virtual: true
  package_type: apm_package
  deployed_files:
  - .github/agents/unit-test.agent.md
  deployed_file_hashes:
    .github/agents/unit-test.agent.md: sha256:24b1191b83cfaf2d1a5c0dad7e028cf86d2eee7a370b47ac233fafa2f4cbaa57
  content_hash: sha256:a1558903932823dfee0a0c7b132d91abfdc057b2936148c958ee75e4370fec30
- repo_url: alten-group/coding-pal
  materialization_repo_url: ALTEN-group/coding-pal
  name: coding-pal-angular-admin
  host: github.com
  resolved_commit: b2ad8a57af783265bcf5f296fa8d5dec58c4b82b
  version: 1.0.0
  virtual_path: instructions/angular-admin.instructions.md
  is_virtual: true
  package_type: apm_package
  deployed_files:
  - .github/instructions/angular-admin.instructions.md
  deployed_file_hashes:
    .github/instructions/angular-admin.instructions.md: sha256:0bae91628cb44434a2615c6a2407abb4a5d43a172a8d15e3c60855ac81412157
  content_hash: sha256:a01b4ac857c6472c4c6ad0b463065044a72e2dc1f1fac568005aca9f81c8bd61
- repo_url: alten-group/coding-pal
  materialization_repo_url: ALTEN-group/coding-pal
  name: coding-pal-docker
  host: github.com
  resolved_commit: b2ad8a57af783265bcf5f296fa8d5dec58c4b82b
  version: 1.0.0
  virtual_path: instructions/docker.instructions.md
  is_virtual: true
  package_type: apm_package
  deployed_files:
  - .github/instructions/docker.instructions.md
  deployed_file_hashes:
    .github/instructions/docker.instructions.md: sha256:b19fc27a481d4e83703a428fa28bae3e3bf736467e152db25de73f352fb199cf
  content_hash: sha256:aa3d2885f638f70dfb0e331af622be529b266fd6a2c8bd7c8ac148b3749157a2
- repo_url: alten-group/coding-pal
  materialization_repo_url: ALTEN-group/coding-pal
  name: coding-pal-node-express
  host: github.com
  resolved_commit: b2ad8a57af783265bcf5f296fa8d5dec58c4b82b
  version: 1.0.0
  virtual_path: instructions/node-express.instructions.md
  is_virtual: true
  package_type: apm_package
  deployed_files:
  - .github/instructions/node-express.instructions.md
  deployed_file_hashes:
    .github/instructions/node-express.instructions.md: sha256:7d81f30e86c80b94ec46bd664a158bc7da6d8397cbe9520a08ed76ebb0785153
  content_hash: sha256:b8c4208cc7d70cdcebc0c5f061dadc42386678aa15e7b30e415ae2874034afa4
- repo_url: alten-group/coding-pal
  materialization_repo_url: ALTEN-group/coding-pal
  name: coding-pal-postgres-liquibase
  host: github.com
  resolved_commit: b2ad8a57af783265bcf5f296fa8d5dec58c4b82b
  version: 1.0.0
  virtual_path: instructions/postgres-liquibase.instructions.md
  is_virtual: true
  package_type: apm_package
  deployed_files:
  - .github/instructions/postgres-liquibase.instructions.md
  deployed_file_hashes:
    .github/instructions/postgres-liquibase.instructions.md: sha256:4666e6595bf2fc4f22e7b3b0f346932623111877355f8b04c28d5b71f70a576b
  content_hash: sha256:b58a948ec1e5eae1bf6d560f35c6eb7166754365a085e0672314cbe90d9bd10c
- repo_url: alten-group/coding-pal
  materialization_repo_url: ALTEN-group/coding-pal
  name: coding-pal-sharp-agent
  host: github.com
  resolved_commit: b2ad8a57af783265bcf5f296fa8d5dec58c4b82b
  version: 1.0.0
  virtual_path: instructions/sharp-agent.instructions.md
  is_virtual: true
  package_type: apm_package
  deployed_files:
  - .github/instructions/sharp-agent.instructions.md
  deployed_file_hashes:
    .github/instructions/sharp-agent.instructions.md: sha256:44bce556698cdb232c012b2fece0368840b06d7c3b1425abe7e351112ec84183
  content_hash: sha256:aeaabde3dc6ab351be68325e186c1d163887ad0f884c235ccf6076d8514ed14e
deployments:
- kind: project-relative
  target: copilot
  value: .agents/skills/audit-reporting
  runtime: null
  scope: project
  owners:
  - alten-group/coding-pal
  active_owner: alten-group/coding-pal
  content_hash: null
- kind: project-relative
  target: copilot
  value: .agents/skills/audit-reporting/SKILL.md
  runtime: null
  scope: project
  owners:
  - alten-group/coding-pal
  active_owner: alten-group/coding-pal
  content_hash: sha256:3c5d64f9a8a7692db08472ef71f57cd867d11cb59af4e11837eb983cfb51c0c4
- kind: project-relative
  target: copilot
  value: .agents/skills/audit-reporting/references/report-contract.md
  runtime: null
  scope: project
  owners:
  - alten-group/coding-pal
  active_owner: alten-group/coding-pal
  content_hash: sha256:acaca07764179dbfa0ddb91a34fa2babc5fca93d5d19df171f8f42675a39df63
- kind: project-relative
  target: copilot
  value: .agents/skills/audit-reporting/scripts/audit-report.mjs
  runtime: null
  scope: project
  owners:
  - alten-group/coding-pal
  active_owner: alten-group/coding-pal
  content_hash: sha256:4dac243b188275f291bfe42f495c8ec2b75ed964ad4642fdf7bd41da8fdb4306
- kind: project-relative
  target: copilot
  value: .agents/skills/audit-reporting/scripts/audit-report.test.mjs
  runtime: null
  scope: project
  owners:
  - alten-group/coding-pal
  active_owner: alten-group/coding-pal
  content_hash: sha256:264979d6b49d724eb92b1459cf477f36acb27c2103484733c35dc5419e857a20
- kind: project-relative
  target: copilot
  value: .github/agents/node-express-back-end-code-audit.agent.md
  runtime: null
  scope: project
  owners:
  - alten-group/coding-pal/agents/node-express-back-end-code-audit.agent.md
  active_owner: alten-group/coding-pal/agents/node-express-back-end-code-audit.agent.md
  content_hash: sha256:0fb0e746392bb4aef5c7d36ffd27a3675d41ef1929754924a73eda878937459a
- kind: project-relative
  target: copilot
  value: .github/agents/unit-test.agent.md
  runtime: null
  scope: project
  owners:
  - alten-group/coding-pal/agents/unit-test.agent.md
  active_owner: alten-group/coding-pal/agents/unit-test.agent.md
  content_hash: sha256:24b1191b83cfaf2d1a5c0dad7e028cf86d2eee7a370b47ac233fafa2f4cbaa57
- kind: project-relative
  target: copilot
  value: .github/instructions/angular-admin.instructions.md
  runtime: null
  scope: project
  owners:
  - alten-group/coding-pal/instructions/angular-admin.instructions.md
  active_owner: alten-group/coding-pal/instructions/angular-admin.instructions.md
  content_hash: sha256:0bae91628cb44434a2615c6a2407abb4a5d43a172a8d15e3c60855ac81412157
- kind: project-relative
  target: copilot
  value: .github/instructions/docker.instructions.md
  runtime: null
  scope: project
  owners:
  - alten-group/coding-pal/instructions/docker.instructions.md
  active_owner: alten-group/coding-pal/instructions/docker.instructions.md
  content_hash: sha256:b19fc27a481d4e83703a428fa28bae3e3bf736467e152db25de73f352fb199cf
- kind: project-relative
  target: copilot
  value: .github/instructions/node-express.instructions.md
  runtime: null
  scope: project
  owners:
  - alten-group/coding-pal/instructions/node-express.instructions.md
  active_owner: alten-group/coding-pal/instructions/node-express.instructions.md
  content_hash: sha256:7d81f30e86c80b94ec46bd664a158bc7da6d8397cbe9520a08ed76ebb0785153
- kind: project-relative
  target: copilot
  value: .github/instructions/postgres-liquibase.instructions.md
  runtime: null
  scope: project
  owners:
  - alten-group/coding-pal/instructions/postgres-liquibase.instructions.md
  active_owner: alten-group/coding-pal/instructions/postgres-liquibase.instructions.md
  content_hash: sha256:4666e6595bf2fc4f22e7b3b0f346932623111877355f8b04c28d5b71f70a576b
- kind: project-relative
  target: copilot
  value: .github/instructions/sharp-agent.instructions.md
  runtime: null
  scope: project
  owners:
  - alten-group/coding-pal/instructions/sharp-agent.instructions.md
  active_owner: alten-group/coding-pal/instructions/sharp-agent.instructions.md
  content_hash: sha256:44bce556698cdb232c012b2fece0368840b06d7c3b1425abe7e351112ec84183
