lockfile_version: '1'
generated_at: '2026-08-15T07:09:32.298710+00:00'
apm_version: 0.20.0
dependencies:
- repo_url: ALTEN-group/coding-pal
  host: github.com
  resolved_commit: 22b047d7626f56306c5ba1eb567556d34214f877
  package_type: skill_bundle
  deployed_files:
  - .agents/skills/angular-admin-examples
  - .agents/skills/angular-admin-examples/SKILL.md
  - .agents/skills/angular-admin-examples/references/examples.md
  - .agents/skills/audit-reporting
  - .agents/skills/audit-reporting/SKILL.md
  - .agents/skills/audit-reporting/references/report-contract.md
  - .agents/skills/audit-reporting/scripts/audit-report.mjs
  - .agents/skills/audit-reporting/scripts/audit-report.test.mjs
  - .agents/skills/docker-examples
  - .agents/skills/docker-examples/SKILL.md
  - .agents/skills/docker-examples/references/examples.md
  - .agents/skills/node-express-examples
  - .agents/skills/node-express-examples/SKILL.md
  - .agents/skills/node-express-examples/references/examples.md
  - .agents/skills/postgres-liquibase-examples
  - .agents/skills/postgres-liquibase-examples/SKILL.md
  - .agents/skills/postgres-liquibase-examples/references/examples.md
  deployed_file_hashes:
    .agents/skills/angular-admin-examples/SKILL.md: sha256:b8a192f895caa9c744008796982ed3edbd1ab403f6df6a6b50234c9b43fd7725
    .agents/skills/angular-admin-examples/references/examples.md: sha256:6b2a46f11e5f52cfc5f38bf06eaf1734ab4cddfda941c26e8d0d6072471cc04b
    .agents/skills/audit-reporting/SKILL.md: sha256:72f340b48af1f475f18f4a19e853f6ccf38ec580301e7534b0c0836708fca508
    .agents/skills/audit-reporting/references/report-contract.md: sha256:acaca07764179dbfa0ddb91a34fa2babc5fca93d5d19df171f8f42675a39df63
    .agents/skills/audit-reporting/scripts/audit-report.mjs: sha256:e3c9655f42665a8341e53b04d0326eedba89f641ccd8f8d5b04c50d904793177
    .agents/skills/audit-reporting/scripts/audit-report.test.mjs: sha256:73a94ad225eddba03b8bd1ca931cc408d0c289037319a5ceada12fea73656ef9
    .agents/skills/docker-examples/SKILL.md: sha256:dfe9f23dca89781e955aa76dd50c07c776aef296acecc343f770d3191710d8bb
    .agents/skills/docker-examples/references/examples.md: sha256:42f4cd6adaafc4175b34bfc99bec18991a45415064895fb1a77b1840408add61
    .agents/skills/node-express-examples/SKILL.md: sha256:fef4d5e9ce1d05a9015784de0dec2864525fa5c8c8807b47bd6c6e4c087565ee
    .agents/skills/node-express-examples/references/examples.md: sha256:70f03fa3db3d4d5b5816fcd3b141651461e05afadaddb5ed9a3514bd99860f64
    .agents/skills/postgres-liquibase-examples/SKILL.md: sha256:fc8335d609f65fdfbd31808628e848f410f4b8997d3ee5416e3065ea38115d0c
    .agents/skills/postgres-liquibase-examples/references/examples.md: sha256:5ef5d68fe7349a9a5163280c57e5c99ee755c1d5b1cfce836c67f11707ac2148
  content_hash: sha256:7ec43aeb4445b85ac104a0d62643fd3348b2232c5b6e24f19019762acc6723fb
  skill_subset:
  - angular-admin-examples
  - audit-reporting
  - docker-examples
  - node-express-examples
  - postgres-liquibase-examples
- repo_url: ALTEN-group/coding-pal
  host: github.com
  resolved_commit: 22b047d7626f56306c5ba1eb567556d34214f877
  virtual_path: agents/node-express-audit-fix.agent.md
  is_virtual: true
  deployed_files:
  - .cursor/agents/node-express-audit-fix.md
  - .github/agents/node-express-audit-fix.agent.md
  deployed_file_hashes:
    .cursor/agents/node-express-audit-fix.md: sha256:fec48cab4851303dcc55556eb45f635e58af68e9481dc5947da8d377b0905701
    .github/agents/node-express-audit-fix.agent.md: sha256:fec48cab4851303dcc55556eb45f635e58af68e9481dc5947da8d377b0905701
  content_hash: sha256:3b1a49e4b232dce28971730d8c994ef6a2aabb340544e398f121276568d7365f
- repo_url: ALTEN-group/coding-pal
  host: github.com
  resolved_commit: 22b047d7626f56306c5ba1eb567556d34214f877
  virtual_path: agents/node-express-back-end-code-audit.agent.md
  is_virtual: true
  deployed_files:
  - .cursor/agents/node-express-back-end-code-audit.md
  - .github/agents/node-express-back-end-code-audit.agent.md
  deployed_file_hashes:
    .cursor/agents/node-express-back-end-code-audit.md: sha256:31c68ba937d6b8c7ee7c859e4a95fe2d06be7576c10245f7f008c9436d9a635b
    .github/agents/node-express-back-end-code-audit.agent.md: sha256:31c68ba937d6b8c7ee7c859e4a95fe2d06be7576c10245f7f008c9436d9a635b
  content_hash: sha256:b07f8edb58c21c6ea456b46f7eec9461812da79ad2ac1a87516adb13796010b7
- repo_url: ALTEN-group/coding-pal
  host: github.com
  resolved_commit: 22b047d7626f56306c5ba1eb567556d34214f877
  virtual_path: agents/unit-test.agent.md
  is_virtual: true
  deployed_files:
  - .cursor/agents/unit-test.md
  - .github/agents/unit-test.agent.md
  deployed_file_hashes:
    .cursor/agents/unit-test.md: sha256:213e6c0df1211854051204deffe9dc563ad9932f95ef8e3f5ad6d6811d4b57e5
    .github/agents/unit-test.agent.md: sha256:213e6c0df1211854051204deffe9dc563ad9932f95ef8e3f5ad6d6811d4b57e5
  content_hash: sha256:57d68059f04a3d9d9445bbf690929c09792917d65a9519d58de730f4b208cce1
- repo_url: ALTEN-group/coding-pal
  host: github.com
  resolved_commit: 22b047d7626f56306c5ba1eb567556d34214f877
  virtual_path: instructions/angular-admin.instructions.md
  is_virtual: true
  deployed_files:
  - .cursor/rules/angular-admin.mdc
  - .github/instructions/angular-admin.instructions.md
  deployed_file_hashes:
    .cursor/rules/angular-admin.mdc: sha256:40ddf2380dbfd4ebd2e36d61dbf5570f86969ae49a6b16bdca6d387aa60f1842
    .github/instructions/angular-admin.instructions.md: sha256:4e3d8df58521ccfb4922acd9c34a524640e37938fe19f3d1e551603649a9de47
  content_hash: sha256:da03857d8e39d30e439e2d7b8babab928f50c6672d92e4f24fe38f432d9c9e4d
- repo_url: ALTEN-group/coding-pal
  host: github.com
  resolved_commit: 22b047d7626f56306c5ba1eb567556d34214f877
  virtual_path: instructions/docker.instructions.md
  is_virtual: true
  deployed_files:
  - .cursor/rules/docker.mdc
  - .github/instructions/docker.instructions.md
  deployed_file_hashes:
    .cursor/rules/docker.mdc: sha256:eca95b26e8fafd556e1990d183530c764ebf54ec12d1540fbe4935068efe090c
    .github/instructions/docker.instructions.md: sha256:ec115701bfa782f0877c67109e4cde6bb8c3dc7e809c2872cd2b5f6181e5690a
  content_hash: sha256:dc53c8f69ca8e1059ba6b42739982d2ea8572244696526acaee6e42f72eabffc
- repo_url: ALTEN-group/coding-pal
  host: github.com
  resolved_commit: 22b047d7626f56306c5ba1eb567556d34214f877
  virtual_path: instructions/node-express.instructions.md
  is_virtual: true
  deployed_files:
  - .cursor/rules/node-express.mdc
  - .github/instructions/node-express.instructions.md
  deployed_file_hashes:
    .cursor/rules/node-express.mdc: sha256:c86b7e75e3e4c090f33956cb552465acf3cf2f5c9cf1bb56c8e4a1a17cebf980
    .github/instructions/node-express.instructions.md: sha256:31ae8b2b09aa01048d10c9d49ab972d9d1e471c2c4bf9b2f011799085d02825a
  content_hash: sha256:0f5f6bbf43bcd770f1d7b1b24893f4266a8165c1db42f9fe348508224861e26d
- repo_url: ALTEN-group/coding-pal
  host: github.com
  resolved_commit: 22b047d7626f56306c5ba1eb567556d34214f877
  virtual_path: instructions/node-unit-tests.instructions.md
  is_virtual: true
  deployed_files:
  - .cursor/rules/node-unit-tests.mdc
  - .github/instructions/node-unit-tests.instructions.md
  deployed_file_hashes:
    .cursor/rules/node-unit-tests.mdc: sha256:2366aaa3041b601ace35f63debc9697ca934ad780d64cede9c4690b0de5ded0c
    .github/instructions/node-unit-tests.instructions.md: sha256:35edc0636673fed9106f8da3e9353440928cea592a4e861ac560ea384e8cf7c2
  content_hash: sha256:7662541fb066ba1d8fb426b731021428cfe00a075ee52832e65d827bdb6bfdb8
- repo_url: ALTEN-group/coding-pal
  host: github.com
  resolved_commit: 22b047d7626f56306c5ba1eb567556d34214f877
  virtual_path: instructions/postgres-liquibase.instructions.md
  is_virtual: true
  deployed_files:
  - .cursor/rules/postgres-liquibase.mdc
  - .github/instructions/postgres-liquibase.instructions.md
  deployed_file_hashes:
    .cursor/rules/postgres-liquibase.mdc: sha256:16132c926c1e4628d257dcdc5bb21c7d59e6bd26b39215ae0d468807970b634f
    .github/instructions/postgres-liquibase.instructions.md: sha256:578192cf9489690d204c0b4a56d4db7540409df205a223018d23b7c94724602d
  content_hash: sha256:8a0f2c0e7c64c02aee5369e7ef64747bc08a6f3629787b14d557f97292306ae7
- repo_url: ALTEN-group/coding-pal
  host: github.com
  resolved_commit: 22b047d7626f56306c5ba1eb567556d34214f877
  virtual_path: instructions/sharp-agent.instructions.md
  is_virtual: true
  deployed_files:
  - .cursor/rules/sharp-agent.mdc
  - .github/instructions/sharp-agent.instructions.md
  deployed_file_hashes:
    .cursor/rules/sharp-agent.mdc: sha256:95cf8602076c7826995a24366bad63c15d566c54187403625d1e95f117272654
    .github/instructions/sharp-agent.instructions.md: sha256:93d883b43984a04bf5eab5b9de1272ea7ba31d3f0998ffe95c6167774f3cec13
  content_hash: sha256:48b607ac0f3e8dee51dbb60e930a76f2b3cb2a1c7445471d248e607c8a7de14b
